{
  "name": "DPCryptoBotPython",
  "lockfileVersion": 3,
  "requires": true,
  "packages": {
    "": {
      "dependencies": {
        "websockets": "^0.2.0"
      }
    },
    "node_modules/websockets": {
      "version": "0.2.0",
      "resolved": "https://registry.npmjs.org/websockets/-/websockets-0.2.0.tgz",
      "integrity": "sha512-GjhUvj0PfZMpsRI7BdyyM7wsaGDkDd3uMrFThWNyb3lQy8BxmLWxtE22W7pQpI7z703xht8j1fqVOjRkZIulUw==",
      "engines": {
        "node": ">=0.4.10"
      }
    }
  }
}
